
Microsoft Visual Studio Solution File, Format Version 12.00
# Visual Studio Version 17
VisualStudioVersion = 17.6.33829.357
MinimumVisualStudioVersion = 10.0.40219.1
Project("{9A19103F-16F7-4668-BE54-9A1E7A4F7556}") = "TraversalCoreProje", "TraversalCoreProje\TraversalCoreProje.csproj", "{B64F48A4-D163-4407-B3FB-18887F10A6A8}"
EndProject
Project("{9A19103F-16F7-4668-BE54-9A1E7A4F7556}") = "EntityLayer", "EntityLayer\EntityLayer.csproj", "{3747FB33-A586-4373-A78D-21CC41DE7104}"
EndProject
Project("{9A19103F-16F7-4668-BE54-9A1E7A4F7556}") = "DataAccessLayer", "DataAccessLayer\DataAccessLayer.csproj", "{3200C0B4-F579-4756-AA4B-6EA2F2FC5358}"
EndProject
Project("{9A19103F-16F7-4668-BE54-9A1E7A4F7556}") = "BusinessLayer", "BusinessLayer\BusinessLayer.csproj", "{5AF1C7C2-0967-4E23-811D-3456E66618CC}"
EndProject
Project("{9A19103F-16F7-4668-BE54-9A1E7A4F7556}") = "DTOLayer", "DTOLayer\DTOLayer.csproj", "{D3AD9B91-2D99-4150-9A4C-9A6E8C40E8A4}"
EndProject
Project("{9A19103F-16F7-4668-BE54-9A1E7A4F7556}") = "TraversalApiProject", "TraversalApiProject\TraversalApiProject.csproj", "{E0B68781-DE02-4B3C-BF80-E94F5F6CF9E4}"
EndProject
Project("{FAE04EC0-301F-11D3-BF4B-00C04F79EFBC}") = "SignalRApi", "SignalRApi\SignalRApi.csproj", "{D2F239FB-1893-406C-90EF-00ABBEB3F988}"
EndProject
Global
	GlobalSection(SolutionConfigurationPlatforms) = preSolution
		Debug|Any CPU = Debug|Any CPU
		Release|Any CPU = Release|Any CPU
	EndGlobalSection
	GlobalSection(ProjectConfigurationPlatforms) = postSolution
		{B64F48A4-D163-4407-B3FB-18887F10A6A8}.Debug|Any CPU.ActiveCfg = Debug|Any CPU
		{B64F48A4-D163-4407-B3FB-18887F10A6A8}.Debug|Any CPU.Build.0 = Debug|Any CPU
		{B64F48A4-D163-4407-B3FB-18887F10A6A8}.Release|Any CPU.ActiveCfg = Release|Any CPU
		{B64F48A4-D163-4407-B3FB-18887F10A6A8}.Release|Any CPU.Build.0 = Release|Any CPU
		{3747FB33-A586-4373-A78D-21CC41DE7104}.Debug|Any CPU.ActiveCfg = Debug|Any CPU
		{3747FB33-A586-4373-A78D-21CC41DE7104}.Debug|Any CPU.Build.0 = Debug|Any CPU
		{3747FB33-A586-4373-A78D-21CC41DE7104}.Release|Any CPU.ActiveCfg = Release|Any CPU
		{3747FB33-A586-4373-A78D-21CC41DE7104}.Release|Any CPU.Build.0 = Release|Any CPU
		{3200C0B4-F579-4756-AA4B-6EA2F2FC5358}.Debug|Any CPU.ActiveCfg = Debug|Any CPU
		{3200C0B4-F579-4756-AA4B-6EA2F2FC5358}.Debug|Any CPU.Build.0 = Debug|Any CPU
		{3200C0B4-F579-4756-AA4B-6EA2F2FC5358}.Release|Any CPU.ActiveCfg = Release|Any CPU
		{3200C0B4-F579-4756-AA4B-6EA2F2FC5358}.Release|Any CPU.Build.0 = Release|Any CPU
		{5AF1C7C2-0967-4E23-811D-3456E66618CC}.Debug|Any CPU.ActiveCfg = Debug|Any CPU
		{5AF1C7C2-0967-4E23-811D-3456E66618CC}.Debug|Any CPU.Build.0 = Debug|Any CPU
		{5AF1C7C2-0967-4E23-811D-3456E66618CC}.Release|Any CPU.ActiveCfg = Release|Any CPU
		{5AF1C7C2-0967-4E23-811D-3456E66618CC}.Release|Any CPU.Build.0 = Release|Any CPU
		{D3AD9B91-2D99-4150-9A4C-9A6E8C40E8A4}.Debug|Any CPU.ActiveCfg = Debug|Any CPU
		{D3AD9B91-2D99-4150-9A4C-9A6E8C40E8A4}.Debug|Any CPU.Build.0 = Debug|Any CPU
		{D3AD9B91-2D99-4150-9A4C-9A6E8C40E8A4}.Release|Any CPU.ActiveCfg = Release|Any CPU
		{D3AD9B91-2D99-4150-9A4C-9A6E8C40E8A4}.Release|Any CPU.Build.0 = Release|Any CPU
		{E0B68781-DE02-4B3C-BF80-E94F5F6CF9E4}.Debug|Any CPU.ActiveCfg = Debug|Any CPU
		{E0B68781-DE02-4B3C-BF80-E94F5F6CF9E4}.Debug|Any CPU.Build.0 = Debug|Any CPU
		{E0B68781-DE02-4B3C-BF80-E94F5F6CF9E4}.Release|Any CPU.ActiveCfg = Release|Any CPU
		{E0B68781-DE02-4B3C-BF80-E94F5F6CF9E4}.Release|Any CPU.Build.0 = Release|Any CPU
		{D2F239FB-1893-406C-90EF-00ABBEB3F988}.Debug|Any CPU.ActiveCfg = Debug|Any CPU
		{D2F239FB-1893-406C-90EF-00ABBEB3F988}.Debug|Any CPU.Build.0 = Debug|Any CPU
		{D2F239FB-1893-406C-90EF-00ABBEB3F988}.Release|Any CPU.ActiveCfg = Release|Any CPU
		{D2F239FB-1893-406C-90EF-00ABBEB3F988}.Release|Any CPU.Build.0 = Release|Any CPU
	EndGlobalSection
	GlobalSection(SolutionProperties) = preSolution
		HideSolutionNode = FALSE
	EndGlobalSection
	GlobalSection(ExtensibilityGlobals) = postSolution
		SolutionGuid = {1E902A18-7ED2-4C90-BF0E-2CBE4FBF6155}
	EndGlobalSection
EndGlobal
